
Microsoft Visual Studio Solution File, Format Version 12.00
# Visual Studio Version 17
VisualStudioVersion = 17.13.35931.197 d17.13
MinimumVisualStudioVersion = 10.0.40219.1
Project("{FAE04EC0-301F-11D3-BF4B-00C04F79EFBC}") = "LoginApp", "LoginApp.csproj", "{80F9AA51-0703-4E6A-B0EB-CF1588E7FECA}"
EndProject
Global
	GlobalSection(SolutionConfigurationPlatforms) = preSolution
		Debug|Any CPU = Debug|Any CPU
		Release|Any CPU = Release|Any CPU
	EndGlobalSection
	GlobalSection(ProjectConfigurationPlatforms) = postSolution
		{80F9AA51-0703-4E6A-B0EB-CF1588E7FECA}.Debug|Any CPU.ActiveCfg = Debug|Any CPU
		{80F9AA51-0703-4E6A-B0EB-CF1588E7FECA}.Debug|Any CPU.Build.0 = Debug|Any CPU
		{80F9AA51-0703-4E6A-B0EB-CF1588E7FECA}.Release|Any CPU.ActiveCfg = Release|Any CPU
		{80F9AA51-0703-4E6A-B0EB-CF1588E7FECA}.Release|Any CPU.Build.0 = Release|Any CPU
	EndGlobalSection
	GlobalSection(SolutionProperties) = preSolution
		HideSolutionNode = FALSE
	EndGlobalSection
	GlobalSection(ExtensibilityGlobals) = postSolution
		SolutionGuid = {B65FA516-BCCF-4840-9601-A4D0124FEB4B}
	EndGlobalSection
EndGlobal
